
Microsoft Visual Studio Solution File, Format Version 12.00
# Visual Studio Version 17
VisualStudioVersion = 17.2.32519.379
MinimumVisualStudioVersion = 10.0.40219.1
Project("{8BC9CEB8-8B4A-11D0-8D11-00A0C91BC942}") = "switch_case_exe", "switch_case_exe\switch_case_exe.vcxproj", "{8C263B9A-858A-4DDE-A8F2-FADB63BA0AFD}"
EndProject
Global
	GlobalSection(SolutionConfigurationPlatforms) = preSolution
		Debug|x64 = Debug|x64
		Debug|x86 = Debug|x86
		Release|x64 = Release|x64
		Release|x86 = Release|x86
	EndGlobalSection
	GlobalSection(ProjectConfigurationPlatforms) = postSolution
		{8C263B9A-858A-4DDE-A8F2-FADB63BA0AFD}.Debug|x64.ActiveCfg = Debug|x64
		{8C263B9A-858A-4DDE-A8F2-FADB63BA0AFD}.Debug|x64.Build.0 = Debug|x64
		{8C263B9A-858A-4DDE-A8F2-FADB63BA0AFD}.Debug|x86.ActiveCfg = Debug|Win32
		{8C263B9A-858A-4DDE-A8F2-FADB63BA0AFD}.Debug|x86.Build.0 = Debug|Win32
		{8C263B9A-858A-4DDE-A8F2-FADB63BA0AFD}.Release|x64.ActiveCfg = Release|x64
		{8C263B9A-858A-4DDE-A8F2-FADB63BA0AFD}.Release|x64.Build.0 = Release|x64
		{8C263B9A-858A-4DDE-A8F2-FADB63BA0AFD}.Release|x86.ActiveCfg = Release|Win32
		{8C263B9A-858A-4DDE-A8F2-FADB63BA0AFD}.Release|x86.Build.0 = Release|Win32
	EndGlobalSection
	GlobalSection(SolutionProperties) = preSolution
		HideSolutionNode = FALSE
	EndGlobalSection
	GlobalSection(ExtensibilityGlobals) = postSolution
		SolutionGuid = {CAB4817D-7002-4DF5-890D-319E437971B0}
	EndGlobalSection
EndGlobal
